// !$*UTF8*$!
{
	archiveVersion = 1;
	classes = {
	};
	objectVersion = 55;
	objects = {

/* Begin PBXBuildFile section */
		D41E0353274A349E00AF1E8E /* AppDelegate.swift in Sources */ = {isa = PBXBuildFile; fileRef = D41E0352274A349E00AF1E8E /* AppDelegate.swift */; };
		D41E0355274A349E00AF1E8E /* SceneDelegate.swift in Sources */ = {isa = PBXBuildFile; fileRef = D41E0354274A349E00AF1E8E /* SceneDelegate.swift */; };
		D41E035C274A34A200AF1E8E /* Assets.xcassets in Resources */ = {isa = PBXBuildFile; fileRef = D41E035B274A34A200AF1E8E /* Assets.xcassets */; };
		D41E035F274A34A200AF1E8E /* LaunchScreen.storyboard in Resources */ = {isa = PBXBuildFile; fileRef = D41E035D274A34A200AF1E8E /* LaunchScreen.storyboard */; };
		D41E036A274A34A200AF1E8E /* PintasticDemoTests.swift in Sources */ = {isa = PBXBuildFile; fileRef = D41E0369274A34A200AF1E8E /* PintasticDemoTests.swift */; };
		D41E0374274A34A200AF1E8E /* PintasticDemoUITestBase.swift in Sources */ = {isa = PBXBuildFile; fileRef = D41E0373274A34A200AF1E8E /* PintasticDemoUITestBase.swift */; };
		D42D887F274A36A70018B8CD /* MenuViewController.swift in Sources */ = {isa = PBXBuildFile; fileRef = D42D887E274A36A70018B8CD /* MenuViewController.swift */; };
		D42D8881274A37AA0018B8CD /* MenuCell.swift in Sources */ = {isa = PBXBuildFile; fileRef = D42D8880274A37AA0018B8CD /* MenuCell.swift */; };
		D42D8886274A38E20018B8CD /* Pintastic in Frameworks */ = {isa = PBXBuildFile; productRef = D42D8885274A38E20018B8CD /* Pintastic */; };
		D42D8889274A39B20018B8CD /* CellIdentifiable.swift in Sources */ = {isa = PBXBuildFile; fileRef = D42D8888274A39B20018B8CD /* CellIdentifiable.swift */; };
		D42D888E274A43A30018B8CD /* ViewDecorator.swift in Sources */ = {isa = PBXBuildFile; fileRef = D42D888D274A43A30018B8CD /* ViewDecorator.swift */; };
		D42D8891274A44FB0018B8CD /* EdgeViewDecorator.swift in Sources */ = {isa = PBXBuildFile; fileRef = D42D8890274A44FB0018B8CD /* EdgeViewDecorator.swift */; };
		D42D8894274A4B690018B8CD /* Accessibility.swift in Sources */ = {isa = PBXBuildFile; fileRef = D42D8893274A4B690018B8CD /* Accessibility.swift */; };
		D42D8896274A4C7A0018B8CD /* DemoViewController.swift in Sources */ = {isa = PBXBuildFile; fileRef = D42D8895274A4C7A0018B8CD /* DemoViewController.swift */; };
		D42D889A274A58760018B8CD /* TopToBottomViewDecorator.swift in Sources */ = {isa = PBXBuildFile; fileRef = D42D8899274A58760018B8CD /* TopToBottomViewDecorator.swift */; };
		D42D889C274A67320018B8CD /* ViewBuilderFactory.swift in Sources */ = {isa = PBXBuildFile; fileRef = D42D889B274A67320018B8CD /* ViewBuilderFactory.swift */; };
		D42D889E274A73840018B8CD /* LeadingToTrailingViewDecorator.swift in Sources */ = {isa = PBXBuildFile; fileRef = D42D889D274A73840018B8CD /* LeadingToTrailingViewDecorator.swift */; };
		D42D88A0274A79190018B8CD /* HorizontalAndVerticalCenterViewDecorator.swift in Sources */ = {isa = PBXBuildFile; fileRef = D42D889F274A79190018B8CD /* HorizontalAndVerticalCenterViewDecorator.swift */; };
		D42D88A2274A7AF40018B8CD /* WidthToHeightViewDecorator.swift in Sources */ = {isa = PBXBuildFile; fileRef = D42D88A1274A7AF40018B8CD /* WidthToHeightViewDecorator.swift */; };
		D42D88A5274A7DBF0018B8CD /* EqualWidthsAndHeightsViewDecorator.swift in Sources */ = {isa = PBXBuildFile; fileRef = D42D88A4274A7DBF0018B8CD /* EqualWidthsAndHeightsViewDecorator.swift */; };
		D42D88A7274A82FF0018B8CD /* CentersToEdgesViewDecorator.swift in Sources */ = {isa = PBXBuildFile; fileRef = D42D88A6274A82FF0018B8CD /* CentersToEdgesViewDecorator.swift */; };
		D4443C3E2764D3B4001C6BF0 /* CornersViewDecorator.swift in Sources */ = {isa = PBXBuildFile; fileRef = D4443C3D2764D3B4001C6BF0 /* CornersViewDecorator.swift */; };
		D4443C402764D6A8001C6BF0 /* PintasticCornersDemoUITests.swift in Sources */ = {isa = PBXBuildFile; fileRef = D4443C3F2764D6A8001C6BF0 /* PintasticCornersDemoUITests.swift */; };
		D4604431274B721400E37428 /* MenuViewModel.swift in Sources */ = {isa = PBXBuildFile; fileRef = D4604430274B721400E37428 /* MenuViewModel.swift */; };
		D4604433274B728F00E37428 /* DemoViewModel.swift in Sources */ = {isa = PBXBuildFile; fileRef = D4604432274B728F00E37428 /* DemoViewModel.swift */; };
		D4604436274B77AA00E37428 /* Demo.swift in Sources */ = {isa = PBXBuildFile; fileRef = D4604435274B77AA00E37428 /* Demo.swift */; };
		D4604438274B7A1100E37428 /* DemoDataSource.swift in Sources */ = {isa = PBXBuildFile; fileRef = D4604437274B7A1100E37428 /* DemoDataSource.swift */; };
		D460443C274B7FC600E37428 /* Demo.swift in Sources */ = {isa = PBXBuildFile; fileRef = D4604435274B77AA00E37428 /* Demo.swift */; };
		D460443E274B808C00E37428 /* Dependencies.swift in Sources */ = {isa = PBXBuildFile; fileRef = D460443D274B808C00E37428 /* Dependencies.swift */; };
		D4604442274B81DA00E37428 /* ViewControllerFactory.swift in Sources */ = {isa = PBXBuildFile; fileRef = D4604441274B81DA00E37428 /* ViewControllerFactory.swift */; };
		D4604444274C722800E37428 /* MenuFlowController.swift in Sources */ = {isa = PBXBuildFile; fileRef = D4604443274C722800E37428 /* MenuFlowController.swift */; };
		D4604446274C750E00E37428 /* MenuFlowControllerDelegate.swift in Sources */ = {isa = PBXBuildFile; fileRef = D4604445274C750E00E37428 /* MenuFlowControllerDelegate.swift */; };
		D4604448274C7B6300E37428 /* Colors.swift in Sources */ = {isa = PBXBuildFile; fileRef = D4604447274C7B6300E37428 /* Colors.swift */; };
		D46C69B4274CC8DB00B1A15B /* VerticallyAlignedLabel.swift in Sources */ = {isa = PBXBuildFile; fileRef = D46C69B3274CC8DB00B1A15B /* VerticallyAlignedLabel.swift */; };
		D46DCA71274B33F3006D086B /* Accessibility.swift in Sources */ = {isa = PBXBuildFile; fileRef = D42D8893274A4B690018B8CD /* Accessibility.swift */; };
		D46DCA74274B4CA1006D086B /* PintasticEdgeDemoUITests.swift in Sources */ = {isa = PBXBuildFile; fileRef = D46DCA73274B4CA1006D086B /* PintasticEdgeDemoUITests.swift */; };
		D46DCA76274B4DD3006D086B /* PintasticCentersToEdgesDemoUITests.swift in Sources */ = {isa = PBXBuildFile; fileRef = D46DCA75274B4DD3006D086B /* PintasticCentersToEdgesDemoUITests.swift */; };
		D46DCA78274B4E63006D086B /* PintasticCustomConstraintDemoUITests.swift in Sources */ = {isa = PBXBuildFile; fileRef = D46DCA77274B4E63006D086B /* PintasticCustomConstraintDemoUITests.swift */; };
		D46DCA7A274B4ED8006D086B /* PintasticEqualWidthsAndHeightsDemoUITests.swift in Sources */ = {isa = PBXBuildFile; fileRef = D46DCA79274B4ED8006D086B /* PintasticEqualWidthsAndHeightsDemoUITests.swift */; };
		D46DCA7C274B4F35006D086B /* PintasticHorizontalAndVerticalCenterDemoUITests.swift in Sources */ = {isa = PBXBuildFile; fileRef = D46DCA7B274B4F35006D086B /* PintasticHorizontalAndVerticalCenterDemoUITests.swift */; };
		D48FFCA8274B4FDD006C25D8 /* PintasticLeadingToTrailingDemoUITests.swift in Sources */ = {isa = PBXBuildFile; fileRef = D48FFCA7274B4FDD006C25D8 /* PintasticLeadingToTrailingDemoUITests.swift */; };
		D48FFCAA274B506E006C25D8 /* PintasticTopToBottomDemoUITests.swift in Sources */ = {isa = PBXBuildFile; fileRef = D48FFCA9274B506E006C25D8 /* PintasticTopToBottomDemoUITests.swift */; };
		D48FFCAC274B50D8006C25D8 /* PintasticWidthToHeightDemoUITests.swift in Sources */ = {isa = PBXBuildFile; fileRef = D48FFCAB274B50D8006C25D8 /* PintasticWidthToHeightDemoUITests.swift */; };
		D4C7D92A274AA2E800646A4F /* CustomConstraintViewDecorator.swift in Sources */ = {isa = PBXBuildFile; fileRef = D4C7D929274AA2E800646A4F /* CustomConstraintViewDecorator.swift */; };
/* End PBXBuildFile section */

/* Begin PBXContainerItemProxy section */
		D41E0366274A34A200AF1E8E /* PBXContainerItemProxy */ = {
			isa = PBXContainerItemProxy;
			containerPortal = D41E0347274A349E00AF1E8E /* Project object */;
			proxyType = 1;
			remoteGlobalIDString = D41E034E274A349E00AF1E8E;
			remoteInfo = PintasticDemo;
		};
		D41E0370274A34A200AF1E8E /* PBXContainerItemProxy */ = {
			isa = PBXContainerItemProxy;
			containerPortal = D41E0347274A349E00AF1E8E /* Project object */;
			proxyType = 1;
			remoteGlobalIDString = D41E034E274A349E00AF1E8E;
			remoteInfo = PintasticDemo;
		};
/* End PBXContainerItemProxy section */

/* Begin PBXFileReference section */
		D41E034F274A349E00AF1E8E /* PintasticDemo.app */ = {isa = PBXFileReference; explicitFileType = wrapper.application; includeInIndex = 0; path = PintasticDemo.app; sourceTree = BUILT_PRODUCTS_DIR; };
		D41E0352274A349E00AF1E8E /* AppDelegate.swift */ = {isa = PBXFileReference; lastKnownFileType = sourcecode.swift; path = AppDelegate.swift; sourceTree = "<group>"; };
		D41E0354274A349E00AF1E8E /* SceneDelegate.swift */ = {isa = PBXFileReference; lastKnownFileType = sourcecode.swift; path = SceneDelegate.swift; sourceTree = "<group>"; };
		D41E035B274A34A200AF1E8E /* Assets.xcassets */ = {isa = PBXFileReference; lastKnownFileType = folder.assetcatalog; path = Assets.xcassets; sourceTree = "<group>"; };
		D41E035E274A34A200AF1E8E /* Base */ = {isa = PBXFileReference; lastKnownFileType = file.storyboard; name = Base; path = Base.lproj/LaunchScreen.storyboard; sourceTree = "<group>"; };
		D41E0360274A34A200AF1E8E /* Info.plist */ = {isa = PBXFileReference; lastKnownFileType = text.plist.xml; path = Info.plist; sourceTree = "<group>"; };
		D41E0365274A34A200AF1E8E /* PintasticDemoTests.xctest */ = {isa = PBXFileReference; explicitFileType = wrapper.cfbundle; includeInIndex = 0; path = PintasticDemoTests.xctest; sourceTree = BUILT_PRODUCTS_DIR; };
		D41E0369274A34A200AF1E8E /* PintasticDemoTests.swift */ = {isa = PBXFileReference; lastKnownFileType = sourcecode.swift; path = PintasticDemoTests.swift; sourceTree = "<group>"; };
		D41E036F274A34A200AF1E8E /* PintasticDemoUITests.xctest */ = {isa = PBXFileReference; explicitFileType = wrapper.cfbundle; includeInIndex = 0; path = PintasticDemoUITests.xctest; sourceTree = BUILT_PRODUCTS_DIR; };
		D41E0373274A34A200AF1E8E /* PintasticDemoUITestBase.swift */ = {isa = PBXFileReference; lastKnownFileType = sourcecode.swift; path = PintasticDemoUITestBase.swift; sourceTree = "<group>"; };
		D41E0382274A351D00AF1E8E /* Pintastic */ = {isa = PBXFileReference; lastKnownFileType = folder; name = Pintastic; path = ../Pintastic; sourceTree = "<group>"; };
		D42D887E274A36A70018B8CD /* MenuViewController.swift */ = {isa = PBXFileReference; lastKnownFileType = sourcecode.swift; path = MenuViewController.swift; sourceTree = "<group>"; };
		D42D8880274A37AA0018B8CD /* MenuCell.swift */ = {isa = PBXFileReference; lastKnownFileType = sourcecode.swift; path = MenuCell.swift; sourceTree = "<group>"; };
		D42D8888274A39B20018B8CD /* CellIdentifiable.swift */ = {isa = PBXFileReference; lastKnownFileType = sourcecode.swift; path = CellIdentifiable.swift; sourceTree = "<group>"; };
		D42D888D274A43A30018B8CD /* ViewDecorator.swift */ = {isa = PBXFileReference; lastKnownFileType = sourcecode.swift; path = ViewDecorator.swift; sourceTree = "<group>"; };
		D42D8890274A44FB0018B8CD /* EdgeViewDecorator.swift */ = {isa = PBXFileReference; lastKnownFileType = sourcecode.swift; path = EdgeViewDecorator.swift; sourceTree = "<group>"; };
		D42D8893274A4B690018B8CD /* Accessibility.swift */ = {isa = PBXFileReference; lastKnownFileType = sourcecode.swift; path = Accessibility.swift; sourceTree = "<group>"; };
		D42D8895274A4C7A0018B8CD /* DemoViewController.swift */ = {isa = PBXFileReference; lastKnownFileType = sourcecode.swift; path = DemoViewController.swift; sourceTree = "<group>"; };
		D42D8899274A58760018B8CD /* TopToBottomViewDecorator.swift */ = {isa = PBXFileReference; lastKnownFileType = sourcecode.swift; path = TopToBottomViewDecorator.swift; sourceTree = "<group>"; };
		D42D889B274A67320018B8CD /* ViewBuilderFactory.swift */ = {isa = PBXFileReference; lastKnownFileType = sourcecode.swift; path = ViewBuilderFactory.swift; sourceTree = "<group>"; };
		D42D889D274A73840018B8CD /* LeadingToTrailingViewDecorator.swift */ = {isa = PBXFileReference; lastKnownFileType = sourcecode.swift; path = LeadingToTrailingViewDecorator.swift; sourceTree = "<group>"; };
		D42D889F274A79190018B8CD /* HorizontalAndVerticalCenterViewDecorator.swift */ = {isa = PBXFileReference; lastKnownFileType = sourcecode.swift; path = HorizontalAndVerticalCenterViewDecorator.swift; sourceTree = "<group>"; };
		D42D88A1274A7AF40018B8CD /* WidthToHeightViewDecorator.swift */ = {isa = PBXFileReference; lastKnownFileType = sourcecode.swift; path = WidthToHeightViewDecorator.swift; sourceTree = "<group>"; };
		D42D88A4274A7DBF0018B8CD /* EqualWidthsAndHeightsViewDecorator.swift */ = {isa = PBXFileReference; lastKnownFileType = sourcecode.swift; path = EqualWidthsAndHeightsViewDecorator.swift; sourceTree = "<group>"; };
		D42D88A6274A82FF0018B8CD /* CentersToEdgesViewDecorator.swift */ = {isa = PBXFileReference; lastKnownFileType = sourcecode.swift; path = CentersToEdgesViewDecorator.swift; sourceTree = "<group>"; };
		D4443C3D2764D3B4001C6BF0 /* CornersViewDecorator.swift */ = {isa = PBXFileReference; lastKnownFileType = sourcecode.swift; path = CornersViewDecorator.swift; sourceTree = "<group>"; };
		D4443C3F2764D6A8001C6BF0 /* PintasticCornersDemoUITests.swift */ = {isa = PBXFileReference; lastKnownFileType = sourcecode.swift; path = PintasticCornersDemoUITests.swift; sourceTree = "<group>"; };
		D4604430274B721400E37428 /* MenuViewModel.swift */ = {isa = PBXFileReference; lastKnownFileType = sourcecode.swift; path = MenuViewModel.swift; sourceTree = "<group>"; };
		D4604432274B728F00E37428 /* DemoViewModel.swift */ = {isa = PBXFileReference; lastKnownFileType = sourcecode.swift; path = DemoViewModel.swift; sourceTree = "<group>"; };
		D4604435274B77AA00E37428 /* Demo.swift */ = {isa = PBXFileReference; lastKnownFileType = sourcecode.swift; path = Demo.swift; sourceTree = "<group>"; };
		D4604437274B7A1100E37428 /* DemoDataSource.swift */ = {isa = PBXFileReference; lastKnownFileType = sourcecode.swift; path = DemoDataSource.swift; sourceTree = "<group>"; };
		D460443D274B808C00E37428 /* Dependencies.swift */ = {isa = PBXFileReference; lastKnownFileType = sourcecode.swift; path = Dependencies.swift; sourceTree = "<group>"; };
		D4604441274B81DA00E37428 /* ViewControllerFactory.swift */ = {isa = PBXFileReference; lastKnownFileType = sourcecode.swift; path = ViewControllerFactory.swift; sourceTree = "<group>"; };
		D4604443274C722800E37428 /* MenuFlowController.swift */ = {isa = PBXFileReference; lastKnownFileType = sourcecode.swift; path = MenuFlowController.swift; sourceTree = "<group>"; };
		D4604445274C750E00E37428 /* MenuFlowControllerDelegate.swift */ = {isa = PBXFileReference; lastKnownFileType = sourcecode.swift; path = MenuFlowControllerDelegate.swift; sourceTree = "<group>"; };
		D4604447274C7B6300E37428 /* Colors.swift */ = {isa = PBXFileReference; lastKnownFileType = sourcecode.swift; path = Colors.swift; sourceTree = "<group>"; };
		D46C69B3274CC8DB00B1A15B /* VerticallyAlignedLabel.swift */ = {isa = PBXFileReference; lastKnownFileType = sourcecode.swift; path = VerticallyAlignedLabel.swift; sourceTree = "<group>"; };
		D46DCA73274B4CA1006D086B /* PintasticEdgeDemoUITests.swift */ = {isa = PBXFileReference; lastKnownFileType = sourcecode.swift; path = PintasticEdgeDemoUITests.swift; sourceTree = "<group>"; };
		D46DCA75274B4DD3006D086B /* PintasticCentersToEdgesDemoUITests.swift */ = {isa = PBXFileReference; lastKnownFileType = sourcecode.swift; path = PintasticCentersToEdgesDemoUITests.swift; sourceTree = "<group>"; };
		D46DCA77274B4E63006D086B /* PintasticCustomConstraintDemoUITests.swift */ = {isa = PBXFileReference; lastKnownFileType = sourcecode.swift; path = PintasticCustomConstraintDemoUITests.swift; sourceTree = "<group>"; };
		D46DCA79274B4ED8006D086B /* PintasticEqualWidthsAndHeightsDemoUITests.swift */ = {isa = PBXFileReference; lastKnownFileType = sourcecode.swift; path = PintasticEqualWidthsAndHeightsDemoUITests.swift; sourceTree = "<group>"; };
		D46DCA7B274B4F35006D086B /* PintasticHorizontalAndVerticalCenterDemoUITests.swift */ = {isa = PBXFileReference; lastKnownFileType = sourcecode.swift; path = PintasticHorizontalAndVerticalCenterDemoUITests.swift; sourceTree = "<group>"; };
		D48FFCA7274B4FDD006C25D8 /* PintasticLeadingToTrailingDemoUITests.swift */ = {isa = PBXFileReference; lastKnownFileType = sourcecode.swift; path = PintasticLeadingToTrailingDemoUITests.swift; sourceTree = "<group>"; };
		D48FFCA9274B506E006C25D8 /* PintasticTopToBottomDemoUITests.swift */ = {isa = PBXFileReference; lastKnownFileType = sourcecode.swift; path = PintasticTopToBottomDemoUITests.swift; sourceTree = "<group>"; };
		D48FFCAB274B50D8006C25D8 /* PintasticWidthToHeightDemoUITests.swift */ = {isa = PBXFileReference; lastKnownFileType = sourcecode.swift; path = PintasticWidthToHeightDemoUITests.swift; sourceTree = "<group>"; };
		D4C7D929274AA2E800646A4F /* CustomConstraintViewDecorator.swift */ = {isa = PBXFileReference; lastKnownFileType = sourcecode.swift; path = CustomConstraintViewDecorator.swift; sourceTree = "<group>"; };
/* End PBXFileReference section */

/* Begin PBXFrameworksBuildPhase section */
		D41E034C274A349E00AF1E8E /* Frameworks */ = {
			isa = PBXFrameworksBuildPhase;
			buildActionMask = 2147483647;
			files = (
				D42D8886274A38E20018B8CD /* Pintastic in Frameworks */,
			);
			runOnlyForDeploymentPostprocessing = 0;
		};
		D41E0362274A34A200AF1E8E /* Frameworks */ = {
			isa = PBXFrameworksBuildPhase;
			buildActionMask = 2147483647;
			files = (
			);
			runOnlyForDeploymentPostprocessing = 0;
		};
		D41E036C274A34A200AF1E8E /* Frameworks */ = {
			isa = PBXFrameworksBuildPhase;
			buildActionMask = 2147483647;
			files = (
			);
			runOnlyForDeploymentPostprocessing = 0;
		};
/* End PBXFrameworksBuildPhase section */

/* Begin PBXGroup section */
		D41E0346274A349E00AF1E8E = {
			isa = PBXGroup;
			children = (
				D41E0382274A351D00AF1E8E /* Pintastic */,
				D41E0351274A349E00AF1E8E /* PintasticDemo */,
				D41E0368274A34A200AF1E8E /* PintasticDemoTests */,
				D41E0372274A34A200AF1E8E /* PintasticDemoUITests */,
				D41E0350274A349E00AF1E8E /* Products */,
				D42D8882274A38990018B8CD /* Frameworks */,
			);
			sourceTree = "<group>";
		};
		D41E0350274A349E00AF1E8E /* Products */ = {
			isa = PBXGroup;
			children = (
				D41E034F274A349E00AF1E8E /* PintasticDemo.app */,
				D41E0365274A34A200AF1E8E /* PintasticDemoTests.xctest */,
				D41E036F274A34A200AF1E8E /* PintasticDemoUITests.xctest */,
			);
			name = Products;
			sourceTree = "<group>";
		};
		D41E0351274A349E00AF1E8E /* PintasticDemo */ = {
			isa = PBXGroup;
			children = (
				D42D888A274A423C0018B8CD /* Accessibility */,
				D42D88A3274A7D460018B8CD /* App */,
				D41E035B274A34A200AF1E8E /* Assets.xcassets */,
				D41E0360274A34A200AF1E8E /* Info.plist */,
				D41E035D274A34A200AF1E8E /* LaunchScreen.storyboard */,
				D4604434274B779F00E37428 /* Models */,
				D42D8887274A399E0018B8CD /* Protocols */,
				D4604439274B7A4B00E37428 /* Utils */,
				D42D887D274A367E0018B8CD /* ViewControllers */,
				D46C69B2274CC8CC00B1A15B /* Views */,
			);
			path = PintasticDemo;
			sourceTree = "<group>";
		};
		D41E0368274A34A200AF1E8E /* PintasticDemoTests */ = {
			isa = PBXGroup;
			children = (
				D41E0369274A34A200AF1E8E /* PintasticDemoTests.swift */,
			);
			path = PintasticDemoTests;
			sourceTree = "<group>";
		};
		D41E0372274A34A200AF1E8E /* PintasticDemoUITests */ = {
			isa = PBXGroup;
			children = (
				D48FFCAD274B53BB006C25D8 /* Base */,
				D46DCA75274B4DD3006D086B /* PintasticCentersToEdgesDemoUITests.swift */,
				D46DCA77274B4E63006D086B /* PintasticCustomConstraintDemoUITests.swift */,
				D46DCA73274B4CA1006D086B /* PintasticEdgeDemoUITests.swift */,
				D46DCA79274B4ED8006D086B /* PintasticEqualWidthsAndHeightsDemoUITests.swift */,
				D46DCA7B274B4F35006D086B /* PintasticHorizontalAndVerticalCenterDemoUITests.swift */,
				D48FFCA7274B4FDD006C25D8 /* PintasticLeadingToTrailingDemoUITests.swift */,
				D48FFCA9274B506E006C25D8 /* PintasticTopToBottomDemoUITests.swift */,
				D48FFCAB274B50D8006C25D8 /* PintasticWidthToHeightDemoUITests.swift */,
				D4443C3F2764D6A8001C6BF0 /* PintasticCornersDemoUITests.swift */,
			);
			path = PintasticDemoUITests;
			sourceTree = "<group>";
		};
		D42D887D274A367E0018B8CD /* ViewControllers */ = {
			isa = PBXGroup;
			children = (
				D460442E274B6E4F00E37428 /* Demo */,
				D460442F274B6E5700E37428 /* Menu */,
			);
			path = ViewControllers;
			sourceTree = "<group>";
		};
		D42D8882274A38990018B8CD /* Frameworks */ = {
			isa = PBXGroup;
			children = (
			);
			name = Frameworks;
			sourceTree = "<group>";
		};
		D42D8887274A399E0018B8CD /* Protocols */ = {
			isa = PBXGroup;
			children = (
				D42D8888274A39B20018B8CD /* CellIdentifiable.swift */,
				D42D888D274A43A30018B8CD /* ViewDecorator.swift */,
				D42D889B274A67320018B8CD /* ViewBuilderFactory.swift */,
				D4604441274B81DA00E37428 /* ViewControllerFactory.swift */,
			);
			path = Protocols;
			sourceTree = "<group>";
		};
		D42D888A274A423C0018B8CD /* Accessibility */ = {
			isa = PBXGroup;
			children = (
				D42D8893274A4B690018B8CD /* Accessibility.swift */,
			);
			path = Accessibility;
			sourceTree = "<group>";
		};
		D42D888F274A44DD0018B8CD /* ViewDecorators */ = {
			isa = PBXGroup;
			children = (
				D42D88A6274A82FF0018B8CD /* CentersToEdgesViewDecorator.swift */,
				D4443C3D2764D3B4001C6BF0 /* CornersViewDecorator.swift */,
				D4C7D929274AA2E800646A4F /* CustomConstraintViewDecorator.swift */,
				D42D8890274A44FB0018B8CD /* EdgeViewDecorator.swift */,
				D42D88A4274A7DBF0018B8CD /* EqualWidthsAndHeightsViewDecorator.swift */,
				D42D889F274A79190018B8CD /* HorizontalAndVerticalCenterViewDecorator.swift */,
				D42D889D274A73840018B8CD /* LeadingToTrailingViewDecorator.swift */,
				D42D8899274A58760018B8CD /* TopToBottomViewDecorator.swift */,
				D42D88A1274A7AF40018B8CD /* WidthToHeightViewDecorator.swift */,
			);
			path = ViewDecorators;
			sourceTree = "<group>";
		};
		D42D88A3274A7D460018B8CD /* App */ = {
			isa = PBXGroup;
			children = (
				D41E0352274A349E00AF1E8E /* AppDelegate.swift */,
				D41E0354274A349E00AF1E8E /* SceneDelegate.swift */,
				D460443D274B808C00E37428 /* Dependencies.swift */,
			);
			path = App;
			sourceTree = "<group>";
		};
		D460442E274B6E4F00E37428 /* Demo */ = {
			isa = PBXGroup;
			children = (
				D42D8895274A4C7A0018B8CD /* DemoViewController.swift */,
				D4604432274B728F00E37428 /* DemoViewModel.swift */,
				D42D888F274A44DD0018B8CD /* ViewDecorators */,
			);
			path = Demo;
			sourceTree = "<group>";
		};
		D460442F274B6E5700E37428 /* Menu */ = {
			isa = PBXGroup;
			children = (
				D42D8880274A37AA0018B8CD /* MenuCell.swift */,
				D4604443274C722800E37428 /* MenuFlowController.swift */,
				D4604445274C750E00E37428 /* MenuFlowControllerDelegate.swift */,
				D42D887E274A36A70018B8CD /* MenuViewController.swift */,
				D4604430274B721400E37428 /* MenuViewModel.swift */,
			);
			path = Menu;
			sourceTree = "<group>";
		};
		D4604434274B779F00E37428 /* Models */ = {
			isa = PBXGroup;
			children = (
				D4604435274B77AA00E37428 /* Demo.swift */,
				D4604437274B7A1100E37428 /* DemoDataSource.swift */,
			);
			path = Models;
			sourceTree = "<group>";
		};
		D4604439274B7A4B00E37428 /* Utils */ = {
			isa = PBXGroup;
			children = (
				D4604447274C7B6300E37428 /* Colors.swift */,
			);
			path = Utils;
			sourceTree = "<group>";
		};
		D46C69B2274CC8CC00B1A15B /* Views */ = {
			isa = PBXGroup;
			children = (
				D46C69B3274CC8DB00B1A15B /* VerticallyAlignedLabel.swift */,
			);
			path = Views;
			sourceTree = "<group>";
		};
		D48FFCAD274B53BB006C25D8 /* Base */ = {
			isa = PBXGroup;
			children = (
				D41E0373274A34A200AF1E8E /* PintasticDemoUITestBase.swift */,
			);
			path = Base;
			sourceTree = "<group>";
		};
/* End PBXGroup section */

/* Begin PBXNativeTarget section */
		D41E034E274A349E00AF1E8E /* PintasticDemo */ = {
			isa = PBXNativeTarget;
			buildConfigurationList = D41E0379274A34A200AF1E8E /* Build configuration list for PBXNativeTarget "PintasticDemo" */;
			buildPhases = (
				D41E034B274A349E00AF1E8E /* Sources */,
				D41E034C274A349E00AF1E8E /* Frameworks */,
				D41E034D274A349E00AF1E8E /* Resources */,
			);
			buildRules = (
			);
			dependencies = (
			);
			name = PintasticDemo;
			packageProductDependencies = (
				D42D8885274A38E20018B8CD /* Pintastic */,
			);
			productName = PintasticDemo;
			productReference = D41E034F274A349E00AF1E8E /* PintasticDemo.app */;
			productType = "com.apple.product-type.application";
		};
		D41E0364274A34A200AF1E8E /* PintasticDemoTests */ = {
			isa = PBXNativeTarget;
			buildConfigurationList = D41E037C274A34A200AF1E8E /* Build configuration list for PBXNativeTarget "PintasticDemoTests" */;
			buildPhases = (
				D41E0361274A34A200AF1E8E /* Sources */,
				D41E0362274A34A200AF1E8E /* Frameworks */,
				D41E0363274A34A200AF1E8E /* Resources */,
			);
			buildRules = (
			);
			dependencies = (
				D41E0367274A34A200AF1E8E /* PBXTargetDependency */,
			);
			name = PintasticDemoTests;
			productName = PintasticDemoTests;
			productReference = D41E0365274A34A200AF1E8E /* PintasticDemoTests.xctest */;
			productType = "com.apple.product-type.bundle.unit-test";
		};
		D41E036E274A34A200AF1E8E /* PintasticDemoUITests */ = {
			isa = PBXNativeTarget;
			buildConfigurationList = D41E037F274A34A200AF1E8E /* Build configuration list for PBXNativeTarget "PintasticDemoUITests" */;
			buildPhases = (
				D41E036B274A34A200AF1E8E /* Sources */,
				D41E036C274A34A200AF1E8E /* Frameworks */,
				D41E036D274A34A200AF1E8E /* Resources */,
			);
			buildRules = (
			);
			dependencies = (
				D41E0371274A34A200AF1E8E /* PBXTargetDependency */,
			);
			name = PintasticDemoUITests;
			productName = PintasticDemoUITests;
			productReference = D41E036F274A34A200AF1E8E /* PintasticDemoUITests.xctest */;
			productType = "com.apple.product-type.bundle.ui-testing";
		};
/* End PBXNativeTarget section */

/* Begin PBXProject section */
		D41E0347274A349E00AF1E8E /* Project object */ = {
			isa = PBXProject;
			attributes = {
				BuildIndependentTargetsInParallel = 1;
				LastSwiftUpdateCheck = 1310;
				LastUpgradeCheck = 1310;
				TargetAttributes = {
					D41E034E274A349E00AF1E8E = {
						CreatedOnToolsVersion = 13.1;
					};
					D41E0364274A34A200AF1E8E = {
						CreatedOnToolsVersion = 13.1;
						TestTargetID = D41E034E274A349E00AF1E8E;
					};
					D41E036E274A34A200AF1E8E = {
						CreatedOnToolsVersion = 13.1;
						TestTargetID = D41E034E274A349E00AF1E8E;
					};
				};
			};
			buildConfigurationList = D41E034A274A349E00AF1E8E /* Build configuration list for PBXProject "PintasticDemo" */;
			compatibilityVersion = "Xcode 13.0";
			developmentRegion = en;
			hasScannedForEncodings = 0;
			knownRegions = (
				en,
				Base,
			);
			mainGroup = D41E0346274A349E00AF1E8E;
			productRefGroup = D41E0350274A349E00AF1E8E /* Products */;
			projectDirPath = "";
			projectRoot = "";
			targets = (
				D41E034E274A349E00AF1E8E /* PintasticDemo */,
				D41E0364274A34A200AF1E8E /* PintasticDemoTests */,
				D41E036E274A34A200AF1E8E /* PintasticDemoUITests */,
			);
		};
/* End PBXProject section */

/* Begin PBXResourcesBuildPhase section */
		D41E034D274A349E00AF1E8E /* Resources */ = {
			isa = PBXResourcesBuildPhase;
			buildActionMask = 2147483647;
			files = (
				D41E035F274A34A200AF1E8E /* LaunchScreen.storyboard in Resources */,
				D41E035C274A34A200AF1E8E /* Assets.xcassets in Resources */,
			);
			runOnlyForDeploymentPostprocessing = 0;
		};
		D41E0363274A34A200AF1E8E /* Resources */ = {
			isa = PBXResourcesBuildPhase;
			buildActionMask = 2147483647;
			files = (
			);
			runOnlyForDeploymentPostprocessing = 0;
		};
		D41E036D274A34A200AF1E8E /* Resources */ = {
			isa = PBXResourcesBuildPhase;
			buildActionMask = 2147483647;
			files = (
			);
			runOnlyForDeploymentPostprocessing = 0;
		};
/* End PBXResourcesBuildPhase section */

/* Begin PBXSourcesBuildPhase section */
		D41E034B274A349E00AF1E8E /* Sources */ = {
			isa = PBXSourcesBuildPhase;
			buildActionMask = 2147483647;
			files = (
				D42D8891274A44FB0018B8CD /* EdgeViewDecorator.swift in Sources */,
				D42D889C274A67320018B8CD /* ViewBuilderFactory.swift in Sources */,
				D42D8889274A39B20018B8CD /* CellIdentifiable.swift in Sources */,
				D4604433274B728F00E37428 /* DemoViewModel.swift in Sources */,
				D4604444274C722800E37428 /* MenuFlowController.swift in Sources */,
				D4604431274B721400E37428 /* MenuViewModel.swift in Sources */,
				D42D88A0274A79190018B8CD /* HorizontalAndVerticalCenterViewDecorator.swift in Sources */,
				D42D88A5274A7DBF0018B8CD /* EqualWidthsAndHeightsViewDecorator.swift in Sources */,
				D4604438274B7A1100E37428 /* DemoDataSource.swift in Sources */,
				D42D889E274A73840018B8CD /* LeadingToTrailingViewDecorator.swift in Sources */,
				D42D88A7274A82FF0018B8CD /* CentersToEdgesViewDecorator.swift in Sources */,
				D41E0353274A349E00AF1E8E /* AppDelegate.swift in Sources */,
				D42D88A2274A7AF40018B8CD /* WidthToHeightViewDecorator.swift in Sources */,
				D4604436274B77AA00E37428 /* Demo.swift in Sources */,
				D4604446274C750E00E37428 /* MenuFlowControllerDelegate.swift in Sources */,
				D42D8896274A4C7A0018B8CD /* DemoViewController.swift in Sources */,
				D4C7D92A274AA2E800646A4F /* CustomConstraintViewDecorator.swift in Sources */,
				D4604442274B81DA00E37428 /* ViewControllerFactory.swift in Sources */,
				D42D887F274A36A70018B8CD /* MenuViewController.swift in Sources */,
				D42D8881274A37AA0018B8CD /* MenuCell.swift in Sources */,
				D42D888E274A43A30018B8CD /* ViewDecorator.swift in Sources */,
				D4604448274C7B6300E37428 /* Colors.swift in Sources */,
				D42D8894274A4B690018B8CD /* Accessibility.swift in Sources */,
				D460443E274B808C00E37428 /* Dependencies.swift in Sources */,
				D41E0355274A349E00AF1E8E /* SceneDelegate.swift in Sources */,
				D46C69B4274CC8DB00B1A15B /* VerticallyAlignedLabel.swift in Sources */,
				D42D889A274A58760018B8CD /* TopToBottomViewDecorator.swift in Sources */,
				D4443C3E2764D3B4001C6BF0 /* CornersViewDecorator.swift in Sources */,
			);
			runOnlyForDeploymentPostprocessing = 0;
		};
		D41E0361274A34A200AF1E8E /* Sources */ = {
			isa = PBXSourcesBuildPhase;
			buildActionMask = 2147483647;
			files = (
				D41E036A274A34A200AF1E8E /* PintasticDemoTests.swift in Sources */,
			);
			runOnlyForDeploymentPostprocessing = 0;
		};
		D41E036B274A34A200AF1E8E /* Sources */ = {
			isa = PBXSourcesBuildPhase;
			buildActionMask = 2147483647;
			files = (
				D48FFCAC274B50D8006C25D8 /* PintasticWidthToHeightDemoUITests.swift in Sources */,
				D46DCA74274B4CA1006D086B /* PintasticEdgeDemoUITests.swift in Sources */,
				D41E0374274A34A200AF1E8E /* PintasticDemoUITestBase.swift in Sources */,
				D46DCA78274B4E63006D086B /* PintasticCustomConstraintDemoUITests.swift in Sources */,
				D460443C274B7FC600E37428 /* Demo.swift in Sources */,
				D48FFCAA274B506E006C25D8 /* PintasticTopToBottomDemoUITests.swift in Sources */,
				D46DCA76274B4DD3006D086B /* PintasticCentersToEdgesDemoUITests.swift in Sources */,
				D46DCA71274B33F3006D086B /* Accessibility.swift in Sources */,
				D46DCA7A274B4ED8006D086B /* PintasticEqualWidthsAndHeightsDemoUITests.swift in Sources */,
				D46DCA7C274B4F35006D086B /* PintasticHorizontalAndVerticalCenterDemoUITests.swift in Sources */,
				D48FFCA8274B4FDD006C25D8 /* PintasticLeadingToTrailingDemoUITests.swift in Sources */,
				D4443C402764D6A8001C6BF0 /* PintasticCornersDemoUITests.swift in Sources */,
			);
			runOnlyForDeploymentPostprocessing = 0;
		};
/* End PBXSourcesBuildPhase section */

/* Begin PBXTargetDependency section */
		D41E0367274A34A200AF1E8E /* PBXTargetDependency */ = {
			isa = PBXTargetDependency;
			target = D41E034E274A349E00AF1E8E /* PintasticDemo */;
			targetProxy = D41E0366274A34A200AF1E8E /* PBXContainerItemProxy */;
		};
		D41E0371274A34A200AF1E8E /* PBXTargetDependency */ = {
			isa = PBXTargetDependency;
			target = D41E034E274A349E00AF1E8E /* PintasticDemo */;
			targetProxy = D41E0370274A34A200AF1E8E /* PBXContainerItemProxy */;
		};
/* End PBXTargetDependency section */

/* Begin PBXVariantGroup section */
		D41E035D274A34A200AF1E8E /* LaunchScreen.storyboard */ = {
			isa = PBXVariantGroup;
			children = (
				D41E035E274A34A200AF1E8E /* Base */,
			);
			name = LaunchScreen.storyboard;
			sourceTree = "<group>";
		};
/* End PBXVariantGroup section */

/* Begin XCBuildConfiguration section */
		D41E0377274A34A200AF1E8E /* Debug */ = {
			isa = XCBuildConfiguration;
			buildSettings = {
				ALWAYS_SEARCH_USER_PATHS = NO;
				CLANG_ANALYZER_NONNULL = YES;
				CLANG_ANALYZER_NUMBER_OBJECT_CONVERSION = YES_AGGRESSIVE;
				CLANG_CXX_LANGUAGE_STANDARD = "gnu++17";
				CLANG_CXX_LIBRARY = "libc++";
				CLANG_ENABLE_MODULES = YES;
				CLANG_ENABLE_OBJC_ARC = YES;
				CLANG_ENABLE_OBJC_WEAK = YES;
				CLANG_WARN_BLOCK_CAPTURE_AUTORELEASING = YES;
				CLANG_WARN_BOOL_CONVERSION = YES;
				CLANG_WARN_COMMA = YES;
				CLANG_WARN_CONSTANT_CONVERSION = YES;
				CLANG_WARN_DEPRECATED_OBJC_IMPLEMENTATIONS = YES;
				CLANG_WARN_DIRECT_OBJC_ISA_USAGE = YES_ERROR;
				CLANG_WARN_DOCUMENTATION_COMMENTS = YES;
				CLANG_WARN_EMPTY_BODY = YES;
				CLANG_WARN_ENUM_CONVERSION = YES;
				CLANG_WARN_INFINITE_RECURSION = YES;
				CLANG_WARN_INT_CONVERSION = YES;
				CLANG_WARN_NON_LITERAL_NULL_CONVERSION = YES;
				CLANG_WARN_OBJC_IMPLICIT_RETAIN_SELF = YES;
				CLANG_WARN_OBJC_LITERAL_CONVERSION = YES;
				CLANG_WARN_OBJC_ROOT_CLASS = YES_ERROR;
				CLANG_WARN_QUOTED_INCLUDE_IN_FRAMEWORK_HEADER = YES;
				CLANG_WARN_RANGE_LOOP_ANALYSIS = YES;
				CLANG_WARN_STRICT_PROTOTYPES = YES;
				CLANG_WARN_SUSPICIOUS_MOVE = YES;
				CLANG_WARN_UNGUARDED_AVAILABILITY = YES_AGGRESSIVE;
				CLANG_WARN_UNREACHABLE_CODE = YES;
				CLANG_WARN__DUPLICATE_METHOD_MATCH = YES;
				COPY_PHASE_STRIP = NO;
				DEBUG_INFORMATION_FORMAT = dwarf;
				ENABLE_STRICT_OBJC_MSGSEND = YES;
				ENABLE_TESTABILITY = YES;
				GCC_C_LANGUAGE_STANDARD = gnu11;
				GCC_DYNAMIC_NO_PIC = NO;
				GCC_NO_COMMON_BLOCKS = YES;
				GCC_OPTIMIZATION_LEVEL = 0;
				GCC_PREPROCESSOR_DEFINITIONS = (
					"DEBUG=1",
					"$(inherited)",
				);
				GCC_WARN_64_TO_32_BIT_CONVERSION = YES;
				GCC_WARN_ABOUT_RETURN_TYPE = YES_ERROR;
				GCC_WARN_UNDECLARED_SELECTOR = YES;
				GCC_WARN_UNINITIALIZED_AUTOS = YES_AGGRESSIVE;
				GCC_WARN_UNUSED_FUNCTION = YES;
				GCC_WARN_UNUSED_VARIABLE = YES;
				IPHONEOS_DEPLOYMENT_TARGET = 15.0;
				MTL_ENABLE_DEBUG_INFO = INCLUDE_SOURCE;
				MTL_FAST_MATH = YES;
				ONLY_ACTIVE_ARCH = YES;
				SDKROOT = iphoneos;
				SWIFT_ACTIVE_COMPILATION_CONDITIONS = DEBUG;
				SWIFT_OPTIMIZATION_LEVEL = "-Onone";
			};
			name = Debug;
		};
		D41E0378274A34A200AF1E8E /* Release */ = {
			isa = XCBuildConfiguration;
			buildSettings = {
				ALWAYS_SEARCH_USER_PATHS = NO;
				CLANG_ANALYZER_NONNULL = YES;
				CLANG_ANALYZER_NUMBER_OBJECT_CONVERSION = YES_AGGRESSIVE;
				CLANG_CXX_LANGUAGE_STANDARD = "gnu++17";
				CLANG_CXX_LIBRARY = "libc++";
				CLANG_ENABLE_MODULES = YES;
				CLANG_ENABLE_OBJC_ARC = YES;
				CLANG_ENABLE_OBJC_WEAK = YES;
				CLANG_WARN_BLOCK_CAPTURE_AUTORELEASING = YES;
				CLANG_WARN_BOOL_CONVERSION = YES;
				CLANG_WARN_COMMA = YES;
				CLANG_WARN_CONSTANT_CONVERSION = YES;
				CLANG_WARN_DEPRECATED_OBJC_IMPLEMENTATIONS = YES;
				CLANG_WARN_DIRECT_OBJC_ISA_USAGE = YES_ERROR;
				CLANG_WARN_DOCUMENTATION_COMMENTS = YES;
				CLANG_WARN_EMPTY_BODY = YES;
				CLANG_WARN_ENUM_CONVERSION = YES;
				CLANG_WARN_INFINITE_RECURSION = YES;
				CLANG_WARN_INT_CONVERSION = YES;
				CLANG_WARN_NON_LITERAL_NULL_CONVERSION = YES;
				CLANG_WARN_OBJC_IMPLICIT_RETAIN_SELF = YES;
				CLANG_WARN_OBJC_LITERAL_CONVERSION = YES;
				CLANG_WARN_OBJC_ROOT_CLASS = YES_ERROR;
				CLANG_WARN_QUOTED_INCLUDE_IN_FRAMEWORK_HEADER = YES;
				CLANG_WARN_RANGE_LOOP_ANALYSIS = YES;
				CLANG_WARN_STRICT_PROTOTYPES = YES;
				CLANG_WARN_SUSPICIOUS_MOVE = YES;
				CLANG_WARN_UNGUARDED_AVAILABILITY = YES_AGGRESSIVE;
				CLANG_WARN_UNREACHABLE_CODE = YES;
				CLANG_WARN__DUPLICATE_METHOD_MATCH = YES;
				COPY_PHASE_STRIP = NO;
				DEBUG_INFORMATION_FORMAT = "dwarf-with-dsym";
				ENABLE_NS_ASSERTIONS = NO;
				ENABLE_STRICT_OBJC_MSGSEND = YES;
				GCC_C_LANGUAGE_STANDARD = gnu11;
				GCC_NO_COMMON_BLOCKS = YES;
				GCC_WARN_64_TO_32_BIT_CONVERSION = YES;
				GCC_WARN_ABOUT_RETURN_TYPE = YES_ERROR;
				GCC_WARN_UNDECLARED_SELECTOR = YES;
				GCC_WARN_UNINITIALIZED_AUTOS = YES_AGGRESSIVE;
				GCC_WARN_UNUSED_FUNCTION = YES;
				GCC_WARN_UNUSED_VARIABLE = YES;
				IPHONEOS_DEPLOYMENT_TARGET = 15.0;
				MTL_ENABLE_DEBUG_INFO = NO;
				MTL_FAST_MATH = YES;
				SDKROOT = iphoneos;
				SWIFT_COMPILATION_MODE = wholemodule;
				SWIFT_OPTIMIZATION_LEVEL = "-O";
				VALIDATE_PRODUCT = YES;
			};
			name = Release;
		};
		D41E037A274A34A200AF1E8E /* Debug */ = {
			isa = XCBuildConfiguration;
			buildSettings = {
				ASSETCATALOG_COMPILER_APPICON_NAME = AppIcon;
				ASSETCATALOG_COMPILER_GLOBAL_ACCENT_COLOR_NAME = AccentColor;
				CODE_SIGN_STYLE = Automatic;
				CURRENT_PROJECT_VERSION = 1;
				DEVELOPMENT_TEAM = 735DJ4QUX6;
				GENERATE_INFOPLIST_FILE = YES;
				INFOPLIST_FILE = PintasticDemo/Info.plist;
				INFOPLIST_KEY_UIApplicationSupportsIndirectInputEvents = YES;
				INFOPLIST_KEY_UILaunchStoryboardName = LaunchScreen;
				INFOPLIST_KEY_UISupportedInterfaceOrientations_iPad = "UIInterfaceOrientationPortrait UIInterfaceOrientationPortraitUpsideDown UIInterfaceOrientationLandscapeLeft UIInterfaceOrientationLandscapeRight";
				INFOPLIST_KEY_UISupportedInterfaceOrientations_iPhone = "UIInterfaceOrientationPortrait UIInterfaceOrientationLandscapeLeft UIInterfaceOrientationLandscapeRight";
				LD_RUNPATH_SEARCH_PATHS = (
					"$(inherited)",
					"@executable_path/Frameworks",
				);
				MARKETING_VERSION = 1.0;
				PRODUCT_BUNDLE_IDENTIFIER = com.crabtree.rob.PintasticDemo;
				PRODUCT_NAME = "$(TARGET_NAME)";
				SWIFT_EMIT_LOC_STRINGS = YES;
				SWIFT_VERSION = 5.0;
				TARGETED_DEVICE_FAMILY = "1,2";
			};
			name = Debug;
		};
		D41E037B274A34A200AF1E8E /* Release */ = {
			isa = XCBuildConfiguration;
			buildSettings = {
				ASSETCATALOG_COMPILER_APPICON_NAME = AppIcon;
				ASSETCATALOG_COMPILER_GLOBAL_ACCENT_COLOR_NAME = AccentColor;
				CODE_SIGN_STYLE = Automatic;
				CURRENT_PROJECT_VERSION = 1;
				DEVELOPMENT_TEAM = 735DJ4QUX6;
				GENERATE_INFOPLIST_FILE = YES;
				INFOPLIST_FILE = PintasticDemo/Info.plist;
				INFOPLIST_KEY_UIApplicationSupportsIndirectInputEvents = YES;
				INFOPLIST_KEY_UILaunchStoryboardName = LaunchScreen;
				INFOPLIST_KEY_UISupportedInterfaceOrientations_iPad = "UIInterfaceOrientationPortrait UIInterfaceOrientationPortraitUpsideDown UIInterfaceOrientationLandscapeLeft UIInterfaceOrientationLandscapeRight";
				INFOPLIST_KEY_UISupportedInterfaceOrientations_iPhone = "UIInterfaceOrientationPortrait UIInterfaceOrientationLandscapeLeft UIInterfaceOrientationLandscapeRight";
				LD_RUNPATH_SEARCH_PATHS = (
					"$(inherited)",
					"@executable_path/Frameworks",
				);
				MARKETING_VERSION = 1.0;
				PRODUCT_BUNDLE_IDENTIFIER = com.crabtree.rob.PintasticDemo;
				PRODUCT_NAME = "$(TARGET_NAME)";
				SWIFT_EMIT_LOC_STRINGS = YES;
				SWIFT_VERSION = 5.0;
				TARGETED_DEVICE_FAMILY = "1,2";
			};
			name = Release;
		};
		D41E037D274A34A200AF1E8E /* Debug */ = {
			isa = XCBuildConfiguration;
			buildSettings = {
				ALWAYS_EMBED_SWIFT_STANDARD_LIBRARIES = YES;
				BUNDLE_LOADER = "$(TEST_HOST)";
				CODE_SIGN_STYLE = Automatic;
				CURRENT_PROJECT_VERSION = 1;
				DEVELOPMENT_TEAM = 735DJ4QUX6;
				GENERATE_INFOPLIST_FILE = YES;
				IPHONEOS_DEPLOYMENT_TARGET = 15.0;
				LD_RUNPATH_SEARCH_PATHS = (
					"$(inherited)",
					"@executable_path/Frameworks",
					"@loader_path/Frameworks",
				);
				MARKETING_VERSION = 1.0;
				PRODUCT_BUNDLE_IDENTIFIER = com.crabtree.rob.PintasticDemoTests;
				PRODUCT_NAME = "$(TARGET_NAME)";
				SWIFT_EMIT_LOC_STRINGS = NO;
				SWIFT_VERSION = 5.0;
				TARGETED_DEVICE_FAMILY = "1,2";
				TEST_HOST = "$(BUILT_PRODUCTS_DIR)/PintasticDemo.app/PintasticDemo";
			};
			name = Debug;
		};
		D41E037E274A34A200AF1E8E /* Release */ = {
			isa = XCBuildConfiguration;
			buildSettings = {
				ALWAYS_EMBED_SWIFT_STANDARD_LIBRARIES = YES;
				BUNDLE_LOADER = "$(TEST_HOST)";
				CODE_SIGN_STYLE = Automatic;
				CURRENT_PROJECT_VERSION = 1;
				DEVELOPMENT_TEAM = 735DJ4QUX6;
				GENERATE_INFOPLIST_FILE = YES;
				IPHONEOS_DEPLOYMENT_TARGET = 15.0;
				LD_RUNPATH_SEARCH_PATHS = (
					"$(inherited)",
					"@executable_path/Frameworks",
					"@loader_path/Frameworks",
				);
				MARKETING_VERSION = 1.0;
				PRODUCT_BUNDLE_IDENTIFIER = com.crabtree.rob.PintasticDemoTests;
				PRODUCT_NAME = "$(TARGET_NAME)";
				SWIFT_EMIT_LOC_STRINGS = NO;
				SWIFT_VERSION = 5.0;
				TARGETED_DEVICE_FAMILY = "1,2";
				TEST_HOST = "$(BUILT_PRODUCTS_DIR)/PintasticDemo.app/PintasticDemo";
			};
			name = Release;
		};
		D41E0380274A34A200AF1E8E /* Debug */ = {
			isa = XCBuildConfiguration;
			buildSettings = {
				ALWAYS_EMBED_SWIFT_STANDARD_LIBRARIES = YES;
				CODE_SIGN_STYLE = Automatic;
				CURRENT_PROJECT_VERSION = 1;
				DEVELOPMENT_TEAM = 735DJ4QUX6;
				GENERATE_INFOPLIST_FILE = YES;
				LD_RUNPATH_SEARCH_PATHS = (
					"$(inherited)",
					"@executable_path/Frameworks",
					"@loader_path/Frameworks",
				);
				MARKETING_VERSION = 1.0;
				PRODUCT_BUNDLE_IDENTIFIER = com.crabtree.rob.PintasticDemoUITests;
				PRODUCT_NAME = "$(TARGET_NAME)";
				SWIFT_EMIT_LOC_STRINGS = NO;
				SWIFT_VERSION = 5.0;
				TARGETED_DEVICE_FAMILY = "1,2";
				TEST_TARGET_NAME = PintasticDemo;
			};
			name = Debug;
		};
		D41E0381274A34A200AF1E8E /* Release */ = {
			isa = XCBuildConfiguration;
			buildSettings = {
				ALWAYS_EMBED_SWIFT_STANDARD_LIBRARIES = YES;
				CODE_SIGN_STYLE = Automatic;
				CURRENT_PROJECT_VERSION = 1;
				DEVELOPMENT_TEAM = 735DJ4QUX6;
				GENERATE_INFOPLIST_FILE = YES;
				LD_RUNPATH_SEARCH_PATHS = (
					"$(inherited)",
					"@executable_path/Frameworks",
					"@loader_path/Frameworks",
				);
				MARKETING_VERSION = 1.0;
				PRODUCT_BUNDLE_IDENTIFIER = com.crabtree.rob.PintasticDemoUITests;
				PRODUCT_NAME = "$(TARGET_NAME)";
				SWIFT_EMIT_LOC_STRINGS = NO;
				SWIFT_VERSION = 5.0;
				TARGETED_DEVICE_FAMILY = "1,2";
				TEST_TARGET_NAME = PintasticDemo;
			};
			name = Release;
		};
/* End XCBuildConfiguration section */

/* Begin XCConfigurationList section */
		D41E034A274A349E00AF1E8E /* Build configuration list for PBXProject "PintasticDemo" */ = {
			isa = XCConfigurationList;
			buildConfigurations = (
				D41E0377274A34A200AF1E8E /* Debug */,
				D41E0378274A34A200AF1E8E /* Release */,
			);
			defaultConfigurationIsVisible = 0;
			defaultConfigurationName = Release;
		};
		D41E0379274A34A200AF1E8E /* Build configuration list for PBXNativeTarget "PintasticDemo" */ = {
			isa = XCConfigurationList;
			buildConfigurations = (
				D41E037A274A34A200AF1E8E /* Debug */,
				D41E037B274A34A200AF1E8E /* Release */,
			);
			defaultConfigurationIsVisible = 0;
			defaultConfigurationName = Release;
		};
		D41E037C274A34A200AF1E8E /* Build configuration list for PBXNativeTarget "PintasticDemoTests" */ = {
			isa = XCConfigurationList;
			buildConfigurations = (
				D41E037D274A34A200AF1E8E /* Debug */,
				D41E037E274A34A200AF1E8E /* Release */,
			);
			defaultConfigurationIsVisible = 0;
			defaultConfigurationName = Release;
		};
		D41E037F274A34A200AF1E8E /* Build configuration list for PBXNativeTarget "PintasticDemoUITests" */ = {
			isa = XCConfigurationList;
			buildConfigurations = (
				D41E0380274A34A200AF1E8E /* Debug */,
				D41E0381274A34A200AF1E8E /* Release */,
			);
			defaultConfigurationIsVisible = 0;
			defaultConfigurationName = Release;
		};
/* End XCConfigurationList section */

/* Begin XCSwiftPackageProductDependency section */
		D42D8885274A38E20018B8CD /* Pintastic */ = {
			isa = XCSwiftPackageProductDependency;
			productName = Pintastic;
		};
/* End XCSwiftPackageProductDependency section */
	};
	rootObject = D41E0347274A349E00AF1E8E /* Project object */;
}
